
Microsoft Visual Studio Solution File, Format Version 12.00
# Visual Studio Version 17
VisualStudioVersion = 17.4.33403.182
MinimumVisualStudioVersion = 10.0.40219.1
Project("{FAE04EC0-301F-11D3-BF4B-00C04F79EFBC}") = "Festifact.Web", "Festifact.Web\Festifact.Web.csproj", "{F2ADF880-5427-40BA-ABEC-6A60E32CCCC4}"
EndProject
Project("{FAE04EC0-301F-11D3-BF4B-00C04F79EFBC}") = "Festifact.Api", "Festifact.Api\Festifact.Api.csproj", "{034F6E69-2724-4BB7-A128-77DC927AC33F}"
EndProject
Global
	GlobalSection(SolutionConfigurationPlatforms) = preSolution
		Debug|Any CPU = Debug|Any CPU
		Release|Any CPU = Release|Any CPU
	EndGlobalSection
	GlobalSection(ProjectConfigurationPlatforms) = postSolution
		{F2ADF880-5427-40BA-ABEC-6A60E32CCCC4}.Debug|Any CPU.ActiveCfg = Debug|Any CPU
		{F2ADF880-5427-40BA-ABEC-6A60E32CCCC4}.Debug|Any CPU.Build.0 = Debug|Any CPU
		{F2ADF880-5427-40BA-ABEC-6A60E32CCCC4}.Release|Any CPU.ActiveCfg = Release|Any CPU
		{F2ADF880-5427-40BA-ABEC-6A60E32CCCC4}.Release|Any CPU.Build.0 = Release|Any CPU
		{034F6E69-2724-4BB7-A128-77DC927AC33F}.Debug|Any CPU.ActiveCfg = Debug|Any CPU
		{034F6E69-2724-4BB7-A128-77DC927AC33F}.Debug|Any CPU.Build.0 = Debug|Any CPU
		{034F6E69-2724-4BB7-A128-77DC927AC33F}.Release|Any CPU.ActiveCfg = Release|Any CPU
		{034F6E69-2724-4BB7-A128-77DC927AC33F}.Release|Any CPU.Build.0 = Release|Any CPU
	EndGlobalSection
	GlobalSection(SolutionProperties) = preSolution
		HideSolutionNode = FALSE
	EndGlobalSection
	GlobalSection(ExtensibilityGlobals) = postSolution
		SolutionGuid = {A10AC757-7D83-41DF-83A8-5CC866542AAD}
	EndGlobalSection
EndGlobal
